{
  "version": 4,
  "terraform_version": "1.3.4",
  "serial": 1,
  "lineage": "53797368-f1f6-01e4-825e-42754fcfcd96",
  "outputs": {},
  "resources": [
    {
      "module": "module.rg_module[\"mytest-rg-100\"]",
      "mode": "managed",
      "type": "azurerm_resource_group",
      "name": "rg1",
      "provider": "provider[\"registry.terraform.io/hashicorp/azurerm\"]",
      "instances": [
        {
          "schema_version": 0,
          "attributes": {
            "id": "/subscriptions/687576b5-cfc7-4d84-a216-afe39d6e983e/resourceGroups/mytest-rg-100",
            "location": "westus3",
            "name": "mytest-rg-100",
            "tags": null,
            "timeouts": null
          },
          "sensitive_attributes": [],
          "private": "eyJlMmJmYjczMC1lY2FhLTExZTYtOGY4OC0zNDM2M2JjN2M0YzAiOnsiY3JlYXRlIjo1NDAwMDAwMDAwMDAwLCJkZWxldGUiOjU0MDAwMDAwMDAwMDAsInJlYWQiOjMwMDAwMDAwMDAwMCwidXBkYXRlIjo1NDAwMDAwMDAwMDAwfX0="
        }
      ]
    }
  ],
  "check_results": null
}
